<?xml version="1.0" encoding="utf-8"?>
<Project ToolsVersion="4.0" xmlns="http://schemas.microsoft.com/developer/msbuild/2003">
  <ItemGroup>
    <Filter Include="Source Files">
      <UniqueIdentifier>{4FC737F1-C7A5-4376-A066-2A32D752A2FF}</UniqueIdentifier>
      <Extensions>cpp;c;cc;cxx;c++;cppm;ixx;def;odl;idl;hpj;bat;asm;asmx</Extensions>
    </Filter>
    <Filter Include="Header Files">
      <UniqueIdentifier>{93995380-89BD-4b04-88EB-625FBE52EBFB}</UniqueIdentifier>
      <Extensions>h;hh;hpp;hxx;h++;hm;inl;inc;ipp;xsd</Extensions>
    </Filter>
    <Filter Include="Resource Files">
      <UniqueIdentifier>{67DA6AB6-F800-4c08-8B7A-83BB121AAD01}</UniqueIdentifier>
      <Extensions>rc;ico;cur;bmp;dlg;rc2;rct;bin;rgs;gif;jpg;jpeg;jpe;resx;tiff;tif;png;wav;mfcribbon-ms</Extensions>
    </Filter>
  </ItemGroup>
  <ItemGroup>
    <ClInclude Include="..\source\ArrayStack.h">
      <Filter>Header Files</Filter>
    </ClInclude>
    <ClInclude Include="..\source\Bus.h">
      <Filter>Header Files</Filter>
    </ClInclude>
    <ClInclude Include="..\source\Cancellation.h">
      <Filter>Header Files</Filter>
    </ClInclude>
    <ClInclude Include="..\source\Event.h">
      <Filter>Header Files</Filter>
    </ClInclude>
    <ClInclude Include="..\source\File reading.h">
      <Filter>Header Files</Filter>
    </ClInclude>
    <ClInclude Include="..\source\info.h">
      <Filter>Header Files</Filter>
    </ClInclude>
    <ClInclude Include="..\source\Linked list.h">
      <Filter>Header Files</Filter>
    </ClInclude>
    <ClInclude Include="..\source\LinkedQueue.h">
      <Filter>Header Files</Filter>
    </ClInclude>
    <ClInclude Include="..\source\Node.h">
      <Filter>Header Files</Filter>
    </ClInclude>
    <ClInclude Include="..\source\Node1.h">
      <Filter>Header Files</Filter>
    </ClInclude>
    <ClInclude Include="..\source\passenger.h">
      <Filter>Header Files</Filter>
    </ClInclude>
    <ClInclude Include="..\source\Promotion.h">
      <Filter>Header Files</Filter>
    </ClInclude>
    <ClInclude Include="..\source\QueueADT.h">
      <Filter>Header Files</Filter>
    </ClInclude>
    <ClInclude Include="..\source\Ready.h">
      <Filter>Header Files</Filter>
    </ClInclude>
    <ClInclude Include="..\source\Ride.h">
      <Filter>Header Files</Filter>
    </ClInclude>
    <ClInclude Include="..\source\StackADT.h">
      <Filter>Header Files</Filter>
    </ClInclude>
    <ClInclude Include="..\source\Time.h">
      <Filter>Header Files</Filter>
    </ClInclude>
  </ItemGroup>
  <ItemGroup>
    <ClCompile Include="..\source\Bus.cpp">
      <Filter>Header Files</Filter>
    </ClCompile>
    <ClCompile Include="..\source\Cancellation.cpp">
      <Filter>Header Files</Filter>
    </ClCompile>
    <ClCompile Include="..\source\Event.cpp">
      <Filter>Header Files</Filter>
    </ClCompile>
    <ClCompile Include="..\source\passenger.cpp">
      <Filter>Header Files</Filter>
    </ClCompile>
    <ClCompile Include="..\source\Promotion.cpp">
      <Filter>Header Files</Filter>
    </ClCompile>
    <ClCompile Include="..\source\Ready.cpp">
      <Filter>Header Files</Filter>
    </ClCompile>
    <ClCompile Include="..\source\Ride.cpp">
      <Filter>Header Files</Filter>
    </ClCompile>
    <ClCompile Include="..\source\Time.cpp">
      <Filter>Header Files</Filter>
    </ClCompile>
    <ClCompile Include="..\source\ubus.cpp">
      <Filter>Header Files</Filter>
    </ClCompile>
  </ItemGroup>
</Project>